// !$*UTF8*$!
{
	archiveVersion = 1;
	classes = {
	};
	objectVersion = 46;
	objects = {

/* Begin PBXBuildFile section */
		180322931EEBACAE00D3FAA3 /* MenuBar.swift in Sources */ = {isa = PBXBuildFile; fileRef = 180322921EEBACAE00D3FAA3 /* MenuBar.swift */; };
		181FF70F1EFB8ABE004145C6 /* SettingCell.swift in Sources */ = {isa = PBXBuildFile; fileRef = 181FF70E1EFB8ABE004145C6 /* SettingCell.swift */; };
		18448EFD1EFABFB200189051 /* SettingsLauncher.swift in Sources */ = {isa = PBXBuildFile; fileRef = 18448EFC1EFABFB200189051 /* SettingsLauncher.swift */; };
		18494E371EF6499E0086AD44 /* Default-568h@2x.png in Resources */ = {isa = PBXBuildFile; fileRef = 18494E361EF6499E0086AD44 /* Default-568h@2x.png */; };
		188A57E71EE5343B00AB5392 /* AppDelegate.swift in Sources */ = {isa = PBXBuildFile; fileRef = 188A57E61EE5343B00AB5392 /* AppDelegate.swift */; };
		188A57E91EE5343B00AB5392 /* HomeController.swift in Sources */ = {isa = PBXBuildFile; fileRef = 188A57E81EE5343B00AB5392 /* HomeController.swift */; };
		188A57EC1EE5343B00AB5392 /* Main.storyboard in Resources */ = {isa = PBXBuildFile; fileRef = 188A57EA1EE5343B00AB5392 /* Main.storyboard */; };
		188A57EE1EE5343B00AB5392 /* Assets.xcassets in Resources */ = {isa = PBXBuildFile; fileRef = 188A57ED1EE5343B00AB5392 /* Assets.xcassets */; };
		188A57F11EE5343B00AB5392 /* LaunchScreen.storyboard in Resources */ = {isa = PBXBuildFile; fileRef = 188A57EF1EE5343B00AB5392 /* LaunchScreen.storyboard */; };
		188A57FC1EE5343C00AB5392 /* YoutubeTests.swift in Sources */ = {isa = PBXBuildFile; fileRef = 188A57FB1EE5343C00AB5392 /* YoutubeTests.swift */; };
		188A58071EE5343D00AB5392 /* YoutubeUITests.swift in Sources */ = {isa = PBXBuildFile; fileRef = 188A58061EE5343D00AB5392 /* YoutubeUITests.swift */; };
		18F8C2841EEAF5C800F23F6C /* Extenstions.swift in Sources */ = {isa = PBXBuildFile; fileRef = 18F8C2831EEAF5C800F23F6C /* Extenstions.swift */; };
		18F8C2861EEAF63000F23F6C /* VideoCell.swift in Sources */ = {isa = PBXBuildFile; fileRef = 18F8C2851EEAF63000F23F6C /* VideoCell.swift */; };
		18FD4F381EEEE8A60045AFE4 /* Video.swift in Sources */ = {isa = PBXBuildFile; fileRef = 18FD4F371EEEE8A60045AFE4 /* Video.swift */; };
/* End PBXBuildFile section */

/* Begin PBXContainerItemProxy section */
		188A57F81EE5343C00AB5392 /* PBXContainerItemProxy */ = {
			isa = PBXContainerItemProxy;
			containerPortal = 188A57DB1EE5343A00AB5392 /* Project object */;
			proxyType = 1;
			remoteGlobalIDString = 188A57E21EE5343A00AB5392;
			remoteInfo = Youtube;
		};
		188A58031EE5343C00AB5392 /* PBXContainerItemProxy */ = {
			isa = PBXContainerItemProxy;
			containerPortal = 188A57DB1EE5343A00AB5392 /* Project object */;
			proxyType = 1;
			remoteGlobalIDString = 188A57E21EE5343A00AB5392;
			remoteInfo = Youtube;
		};
/* End PBXContainerItemProxy section */

/* Begin PBXFileReference section */
		180322921EEBACAE00D3FAA3 /* MenuBar.swift */ = {isa = PBXFileReference; fileEncoding = 4; lastKnownFileType = sourcecode.swift; path = MenuBar.swift; sourceTree = "<group>"; };
		181FF70E1EFB8ABE004145C6 /* SettingCell.swift */ = {isa = PBXFileReference; fileEncoding = 4; lastKnownFileType = sourcecode.swift; path = SettingCell.swift; sourceTree = "<group>"; };
		18448EFC1EFABFB200189051 /* SettingsLauncher.swift */ = {isa = PBXFileReference; fileEncoding = 4; lastKnownFileType = sourcecode.swift; path = SettingsLauncher.swift; sourceTree = "<group>"; };
		18494E361EF6499E0086AD44 /* Default-568h@2x.png */ = {isa = PBXFileReference; lastKnownFileType = image.png; path = "Default-568h@2x.png"; sourceTree = "<group>"; };
		188A57E31EE5343A00AB5392 /* Youtube.app */ = {isa = PBXFileReference; explicitFileType = wrapper.application; includeInIndex = 0; path = Youtube.app; sourceTree = BUILT_PRODUCTS_DIR; };
		188A57E61EE5343B00AB5392 /* AppDelegate.swift */ = {isa = PBXFileReference; lastKnownFileType = sourcecode.swift; path = AppDelegate.swift; sourceTree = "<group>"; };
		188A57E81EE5343B00AB5392 /* HomeController.swift */ = {isa = PBXFileReference; lastKnownFileType = sourcecode.swift; path = HomeController.swift; sourceTree = "<group>"; };
		188A57EB1EE5343B00AB5392 /* Base */ = {isa = PBXFileReference; lastKnownFileType = file.storyboard; name = Base; path = Base.lproj/Main.storyboard; sourceTree = "<group>"; };
		188A57ED1EE5343B00AB5392 /* Assets.xcassets */ = {isa = PBXFileReference; lastKnownFileType = folder.assetcatalog; path = Assets.xcassets; sourceTree = "<group>"; };
		188A57F01EE5343B00AB5392 /* Base */ = {isa = PBXFileReference; lastKnownFileType = file.storyboard; name = Base; path = Base.lproj/LaunchScreen.storyboard; sourceTree = "<group>"; };
		188A57F21EE5343B00AB5392 /* Info.plist */ = {isa = PBXFileReference; lastKnownFileType = text.plist.xml; path = Info.plist; sourceTree = "<group>"; };
		188A57F71EE5343C00AB5392 /* YoutubeTests.xctest */ = {isa = PBXFileReference; explicitFileType = wrapper.cfbundle; includeInIndex = 0; path = YoutubeTests.xctest; sourceTree = BUILT_PRODUCTS_DIR; };
		188A57FB1EE5343C00AB5392 /* YoutubeTests.swift */ = {isa = PBXFileReference; lastKnownFileType = sourcecode.swift; path = YoutubeTests.swift; sourceTree = "<group>"; };
		188A57FD1EE5343C00AB5392 /* Info.plist */ = {isa = PBXFileReference; lastKnownFileType = text.plist.xml; path = Info.plist; sourceTree = "<group>"; };
		188A58021EE5343C00AB5392 /* YoutubeUITests.xctest */ = {isa = PBXFileReference; explicitFileType = wrapper.cfbundle; includeInIndex = 0; path = YoutubeUITests.xctest; sourceTree = BUILT_PRODUCTS_DIR; };
		188A58061EE5343D00AB5392 /* YoutubeUITests.swift */ = {isa = PBXFileReference; lastKnownFileType = sourcecode.swift; path = YoutubeUITests.swift; sourceTree = "<group>"; };
		188A58081EE5343D00AB5392 /* Info.plist */ = {isa = PBXFileReference; lastKnownFileType = text.plist.xml; path = Info.plist; sourceTree = "<group>"; };
		18F8C2831EEAF5C800F23F6C /* Extenstions.swift */ = {isa = PBXFileReference; fileEncoding = 4; lastKnownFileType = sourcecode.swift; path = Extenstions.swift; sourceTree = "<group>"; };
		18F8C2851EEAF63000F23F6C /* VideoCell.swift */ = {isa = PBXFileReference; fileEncoding = 4; lastKnownFileType = sourcecode.swift; path = VideoCell.swift; sourceTree = "<group>"; };
		18FD4F371EEEE8A60045AFE4 /* Video.swift */ = {isa = PBXFileReference; fileEncoding = 4; lastKnownFileType = sourcecode.swift; path = Video.swift; sourceTree = "<group>"; };
/* End PBXFileReference section */

/* Begin PBXFrameworksBuildPhase section */
		188A57E01EE5343A00AB5392 /* Frameworks */ = {
			isa = PBXFrameworksBuildPhase;
			buildActionMask = 2147483647;
			files = (
			);
			runOnlyForDeploymentPostprocessing = 0;
		};
		188A57F41EE5343C00AB5392 /* Frameworks */ = {
			isa = PBXFrameworksBuildPhase;
			buildActionMask = 2147483647;
			files = (
			);
			runOnlyForDeploymentPostprocessing = 0;
		};
		188A57FF1EE5343C00AB5392 /* Frameworks */ = {
			isa = PBXFrameworksBuildPhase;
			buildActionMask = 2147483647;
			files = (
			);
			runOnlyForDeploymentPostprocessing = 0;
		};
/* End PBXFrameworksBuildPhase section */

/* Begin PBXGroup section */
		188A57DA1EE5343A00AB5392 = {
			isa = PBXGroup;
			children = (
				18494E361EF6499E0086AD44 /* Default-568h@2x.png */,
				188A57E51EE5343B00AB5392 /* Youtube */,
				188A57FA1EE5343C00AB5392 /* YoutubeTests */,
				188A58051EE5343D00AB5392 /* YoutubeUITests */,
				188A57E41EE5343A00AB5392 /* Products */,
			);
			sourceTree = "<group>";
		};
		188A57E41EE5343A00AB5392 /* Products */ = {
			isa = PBXGroup;
			children = (
				188A57E31EE5343A00AB5392 /* Youtube.app */,
				188A57F71EE5343C00AB5392 /* YoutubeTests.xctest */,
				188A58021EE5343C00AB5392 /* YoutubeUITests.xctest */,
			);
			name = Products;
			sourceTree = "<group>";
		};
		188A57E51EE5343B00AB5392 /* Youtube */ = {
			isa = PBXGroup;
			children = (
				18F8C2821EEAF58F00F23F6C /* Hepers */,
				18F8C27F1EEAF54500F23F6C /* M */,
				18F8C2801EEAF54C00F23F6C /* V */,
				18F8C2811EEAF55A00F23F6C /* C */,
				188A57E61EE5343B00AB5392 /* AppDelegate.swift */,
				188A57EA1EE5343B00AB5392 /* Main.storyboard */,
				188A57ED1EE5343B00AB5392 /* Assets.xcassets */,
				188A57EF1EE5343B00AB5392 /* LaunchScreen.storyboard */,
				188A57F21EE5343B00AB5392 /* Info.plist */,
			);
			path = Youtube;
			sourceTree = "<group>";
		};
		188A57FA1EE5343C00AB5392 /* YoutubeTests */ = {
			isa = PBXGroup;
			children = (
				188A57FB1EE5343C00AB5392 /* YoutubeTests.swift */,
				188A57FD1EE5343C00AB5392 /* Info.plist */,
			);
			path = YoutubeTests;
			sourceTree = "<group>";
		};
		188A58051EE5343D00AB5392 /* YoutubeUITests */ = {
			isa = PBXGroup;
			children = (
				188A58061EE5343D00AB5392 /* YoutubeUITests.swift */,
				188A58081EE5343D00AB5392 /* Info.plist */,
			);
			path = YoutubeUITests;
			sourceTree = "<group>";
		};
		18F8C27F1EEAF54500F23F6C /* M */ = {
			isa = PBXGroup;
			children = (
				18FD4F371EEEE8A60045AFE4 /* Video.swift */,
			);
			name = M;
			sourceTree = "<group>";
		};
		18F8C2801EEAF54C00F23F6C /* V */ = {
			isa = PBXGroup;
			children = (
				18F8C2851EEAF63000F23F6C /* VideoCell.swift */,
				180322921EEBACAE00D3FAA3 /* MenuBar.swift */,
				181FF70E1EFB8ABE004145C6 /* SettingCell.swift */,
			);
			name = V;
			sourceTree = "<group>";
		};
		18F8C2811EEAF55A00F23F6C /* C */ = {
			isa = PBXGroup;
			children = (
				188A57E81EE5343B00AB5392 /* HomeController.swift */,
				18448EFC1EFABFB200189051 /* SettingsLauncher.swift */,
			);
			name = C;
			sourceTree = "<group>";
		};
		18F8C2821EEAF58F00F23F6C /* Hepers */ = {
			isa = PBXGroup;
			children = (
				18F8C2831EEAF5C800F23F6C /* Extenstions.swift */,
			);
			name = Hepers;
			sourceTree = "<group>";
		};
/* End PBXGroup section */

/* Begin PBXNativeTarget section */
		188A57E21EE5343A00AB5392 /* Youtube */ = {
			isa = PBXNativeTarget;
			buildConfigurationList = 188A580B1EE5343D00AB5392 /* Build configuration list for PBXNativeTarget "Youtube" */;
			buildPhases = (
				188A57DF1EE5343A00AB5392 /* Sources */,
				188A57E01EE5343A00AB5392 /* Frameworks */,
				188A57E11EE5343A00AB5392 /* Resources */,
			);
			buildRules = (
			);
			dependencies = (
			);
			name = Youtube;
			productName = Youtube;
			productReference = 188A57E31EE5343A00AB5392 /* Youtube.app */;
			productType = "com.apple.product-type.application";
		};
		188A57F61EE5343C00AB5392 /* YoutubeTests */ = {
			isa = PBXNativeTarget;
			buildConfigurationList = 188A580E1EE5343D00AB5392 /* Build configuration list for PBXNativeTarget "YoutubeTests" */;
			buildPhases = (
				188A57F31EE5343C00AB5392 /* Sources */,
				188A57F41EE5343C00AB5392 /* Frameworks */,
				188A57F51EE5343C00AB5392 /* Resources */,
			);
			buildRules = (
			);
			dependencies = (
				188A57F91EE5343C00AB5392 /* PBXTargetDependency */,
			);
			name = YoutubeTests;
			productName = YoutubeTests;
			productReference = 188A57F71EE5343C00AB5392 /* YoutubeTests.xctest */;
			productType = "com.apple.product-type.bundle.unit-test";
		};
		188A58011EE5343C00AB5392 /* YoutubeUITests */ = {
			isa = PBXNativeTarget;
			buildConfigurationList = 188A58111EE5343D00AB5392 /* Build configuration list for PBXNativeTarget "YoutubeUITests" */;
			buildPhases = (
				188A57FE1EE5343C00AB5392 /* Sources */,
				188A57FF1EE5343C00AB5392 /* Frameworks */,
				188A58001EE5343C00AB5392 /* Resources */,
			);
			buildRules = (
			);
			dependencies = (
				188A58041EE5343C00AB5392 /* PBXTargetDependency */,
			);
			name = YoutubeUITests;
			productName = YoutubeUITests;
			productReference = 188A58021EE5343C00AB5392 /* YoutubeUITests.xctest */;
			productType = "com.apple.product-type.bundle.ui-testing";
		};
/* End PBXNativeTarget section */

/* Begin PBXProject section */
		188A57DB1EE5343A00AB5392 /* Project object */ = {
			isa = PBXProject;
			attributes = {
				LastSwiftUpdateCheck = 0830;
				LastUpgradeCheck = 0830;
				ORGANIZATIONNAME = "Thanh Tu Le Xuan";
				TargetAttributes = {
					188A57E21EE5343A00AB5392 = {
						CreatedOnToolsVersion = 8.3.2;
						DevelopmentTeam = M37C2L4H2B;
						ProvisioningStyle = Automatic;
					};
					188A57F61EE5343C00AB5392 = {
						CreatedOnToolsVersion = 8.3.2;
						ProvisioningStyle = Automatic;
						TestTargetID = 188A57E21EE5343A00AB5392;
					};
					188A58011EE5343C00AB5392 = {
						CreatedOnToolsVersion = 8.3.2;
						ProvisioningStyle = Automatic;
						TestTargetID = 188A57E21EE5343A00AB5392;
					};
				};
			};
			buildConfigurationList = 188A57DE1EE5343A00AB5392 /* Build configuration list for PBXProject "Youtube" */;
			compatibilityVersion = "Xcode 3.2";
			developmentRegion = English;
			hasScannedForEncodings = 0;
			knownRegions = (
				en,
				Base,
			);
			mainGroup = 188A57DA1EE5343A00AB5392;
			productRefGroup = 188A57E41EE5343A00AB5392 /* Products */;
			projectDirPath = "";
			projectRoot = "";
			targets = (
				188A57E21EE5343A00AB5392 /* Youtube */,
				188A57F61EE5343C00AB5392 /* YoutubeTests */,
				188A58011EE5343C00AB5392 /* YoutubeUITests */,
			);
		};
/* End PBXProject section */

/* Begin PBXResourcesBuildPhase section */
		188A57E11EE5343A00AB5392 /* Resources */ = {
			isa = PBXResourcesBuildPhase;
			buildActionMask = 2147483647;
			files = (
				188A57F11EE5343B00AB5392 /* LaunchScreen.storyboard in Resources */,
				18494E371EF6499E0086AD44 /* Default-568h@2x.png in Resources */,
				188A57EE1EE5343B00AB5392 /* Assets.xcassets in Resources */,
				188A57EC1EE5343B00AB5392 /* Main.storyboard in Resources */,
			);
			runOnlyForDeploymentPostprocessing = 0;
		};
		188A57F51EE5343C00AB5392 /* Resources */ = {
			isa = PBXResourcesBuildPhase;
			buildActionMask = 2147483647;
			files = (
			);
			runOnlyForDeploymentPostprocessing = 0;
		};
		188A58001EE5343C00AB5392 /* Resources */ = {
			isa = PBXResourcesBuildPhase;
			buildActionMask = 2147483647;
			files = (
			);
			runOnlyForDeploymentPostprocessing = 0;
		};
/* End PBXResourcesBuildPhase section */

/* Begin PBXSourcesBuildPhase section */
		188A57DF1EE5343A00AB5392 /* Sources */ = {
			isa = PBXSourcesBuildPhase;
			buildActionMask = 2147483647;
			files = (
				188A57E91EE5343B00AB5392 /* HomeController.swift in Sources */,
				18FD4F381EEEE8A60045AFE4 /* Video.swift in Sources */,
				181FF70F1EFB8ABE004145C6 /* SettingCell.swift in Sources */,
				18F8C2861EEAF63000F23F6C /* VideoCell.swift in Sources */,
				18448EFD1EFABFB200189051 /* SettingsLauncher.swift in Sources */,
				18F8C2841EEAF5C800F23F6C /* Extenstions.swift in Sources */,
				188A57E71EE5343B00AB5392 /* AppDelegate.swift in Sources */,
				180322931EEBACAE00D3FAA3 /* MenuBar.swift in Sources */,
			);
			runOnlyForDeploymentPostprocessing = 0;
		};
		188A57F31EE5343C00AB5392 /* Sources */ = {
			isa = PBXSourcesBuildPhase;
			buildActionMask = 2147483647;
			files = (
				188A57FC1EE5343C00AB5392 /* YoutubeTests.swift in Sources */,
			);
			runOnlyForDeploymentPostprocessing = 0;
		};
		188A57FE1EE5343C00AB5392 /* Sources */ = {
			isa = PBXSourcesBuildPhase;
			buildActionMask = 2147483647;
			files = (
				188A58071EE5343D00AB5392 /* YoutubeUITests.swift in Sources */,
			);
			runOnlyForDeploymentPostprocessing = 0;
		};
/* End PBXSourcesBuildPhase section */

/* Begin PBXTargetDependency section */
		188A57F91EE5343C00AB5392 /* PBXTargetDependency */ = {
			isa = PBXTargetDependency;
			target = 188A57E21EE5343A00AB5392 /* Youtube */;
			targetProxy = 188A57F81EE5343C00AB5392 /* PBXContainerItemProxy */;
		};
		188A58041EE5343C00AB5392 /* PBXTargetDependency */ = {
			isa = PBXTargetDependency;
			target = 188A57E21EE5343A00AB5392 /* Youtube */;
			targetProxy = 188A58031EE5343C00AB5392 /* PBXContainerItemProxy */;
		};
/* End PBXTargetDependency section */

/* Begin PBXVariantGroup section */
		188A57EA1EE5343B00AB5392 /* Main.storyboard */ = {
			isa = PBXVariantGroup;
			children = (
				188A57EB1EE5343B00AB5392 /* Base */,
			);
			name = Main.storyboard;
			sourceTree = "<group>";
		};
		188A57EF1EE5343B00AB5392 /* LaunchScreen.storyboard */ = {
			isa = PBXVariantGroup;
			children = (
				188A57F01EE5343B00AB5392 /* Base */,
			);
			name = LaunchScreen.storyboard;
			sourceTree = "<group>";
		};
/* End PBXVariantGroup section */

/* Begin XCBuildConfiguration section */
		188A58091EE5343D00AB5392 /* Debug */ = {
			isa = XCBuildConfiguration;
			buildSettings = {
				ALWAYS_SEARCH_USER_PATHS = NO;
				CLANG_ANALYZER_NONNULL = YES;
				CLANG_ANALYZER_NUMBER_OBJECT_CONVERSION = YES_AGGRESSIVE;
				CLANG_CXX_LANGUAGE_STANDARD = "gnu++0x";
				CLANG_CXX_LIBRARY = "libc++";
				CLANG_ENABLE_MODULES = YES;
				CLANG_ENABLE_OBJC_ARC = YES;
				CLANG_WARN_BOOL_CONVERSION = YES;
				CLANG_WARN_CONSTANT_CONVERSION = YES;
				CLANG_WARN_DIRECT_OBJC_ISA_USAGE = YES_ERROR;
				CLANG_WARN_DOCUMENTATION_COMMENTS = YES;
				CLANG_WARN_EMPTY_BODY = YES;
				CLANG_WARN_ENUM_CONVERSION = YES;
				CLANG_WARN_INFINITE_RECURSION = YES;
				CLANG_WARN_INT_CONVERSION = YES;
				CLANG_WARN_OBJC_ROOT_CLASS = YES_ERROR;
				CLANG_WARN_SUSPICIOUS_MOVE = YES;
				CLANG_WARN_UNREACHABLE_CODE = YES;
				CLANG_WARN__DUPLICATE_METHOD_MATCH = YES;
				"CODE_SIGN_IDENTITY[sdk=iphoneos*]" = "iPhone Developer";
				COPY_PHASE_STRIP = NO;
				DEBUG_INFORMATION_FORMAT = dwarf;
				ENABLE_STRICT_OBJC_MSGSEND = YES;
				ENABLE_TESTABILITY = YES;
				GCC_C_LANGUAGE_STANDARD = gnu99;
				GCC_DYNAMIC_NO_PIC = NO;
				GCC_NO_COMMON_BLOCKS = YES;
				GCC_OPTIMIZATION_LEVEL = 0;
				GCC_PREPROCESSOR_DEFINITIONS = (
					"DEBUG=1",
					"$(inherited)",
				);
				GCC_WARN_64_TO_32_BIT_CONVERSION = YES;
				GCC_WARN_ABOUT_RETURN_TYPE = YES_ERROR;
				GCC_WARN_UNDECLARED_SELECTOR = YES;
				GCC_WARN_UNINITIALIZED_AUTOS = YES_AGGRESSIVE;
				GCC_WARN_UNUSED_FUNCTION = YES;
				GCC_WARN_UNUSED_VARIABLE = YES;
				IPHONEOS_DEPLOYMENT_TARGET = 10.3;
				MTL_ENABLE_DEBUG_INFO = YES;
				ONLY_ACTIVE_ARCH = YES;
				SDKROOT = iphoneos;
				SWIFT_ACTIVE_COMPILATION_CONDITIONS = DEBUG;
				SWIFT_OPTIMIZATION_LEVEL = "-Onone";
				TARGETED_DEVICE_FAMILY = "1,2";
			};
			name = Debug;
		};
		188A580A1EE5343D00AB5392 /* Release */ = {
			isa = XCBuildConfiguration;
			buildSettings = {
				ALWAYS_SEARCH_USER_PATHS = NO;
				CLANG_ANALYZER_NONNULL = YES;
				CLANG_ANALYZER_NUMBER_OBJECT_CONVERSION = YES_AGGRESSIVE;
				CLANG_CXX_LANGUAGE_STANDARD = "gnu++0x";
				CLANG_CXX_LIBRARY = "libc++";
				CLANG_ENABLE_MODULES = YES;
				CLANG_ENABLE_OBJC_ARC = YES;
				CLANG_WARN_BOOL_CONVERSION = YES;
				CLANG_WARN_CONSTANT_CONVERSION = YES;
				CLANG_WARN_DIRECT_OBJC_ISA_USAGE = YES_ERROR;
				CLANG_WARN_DOCUMENTATION_COMMENTS = YES;
				CLANG_WARN_EMPTY_BODY = YES;
				CLANG_WARN_ENUM_CONVERSION = YES;
				CLANG_WARN_INFINITE_RECURSION = YES;
				CLANG_WARN_INT_CONVERSION = YES;
				CLANG_WARN_OBJC_ROOT_CLASS = YES_ERROR;
				CLANG_WARN_SUSPICIOUS_MOVE = YES;
				CLANG_WARN_UNREACHABLE_CODE = YES;
				CLANG_WARN__DUPLICATE_METHOD_MATCH = YES;
				"CODE_SIGN_IDENTITY[sdk=iphoneos*]" = "iPhone Developer";
				COPY_PHASE_STRIP = NO;
				DEBUG_INFORMATION_FORMAT = "dwarf-with-dsym";
				ENABLE_NS_ASSERTIONS = NO;
				ENABLE_STRICT_OBJC_MSGSEND = YES;
				GCC_C_LANGUAGE_STANDARD = gnu99;
				GCC_NO_COMMON_BLOCKS = YES;
				GCC_WARN_64_TO_32_BIT_CONVERSION = YES;
				GCC_WARN_ABOUT_RETURN_TYPE = YES_ERROR;
				GCC_WARN_UNDECLARED_SELECTOR = YES;
				GCC_WARN_UNINITIALIZED_AUTOS = YES_AGGRESSIVE;
				GCC_WARN_UNUSED_FUNCTION = YES;
				GCC_WARN_UNUSED_VARIABLE = YES;
				IPHONEOS_DEPLOYMENT_TARGET = 10.3;
				MTL_ENABLE_DEBUG_INFO = NO;
				SDKROOT = iphoneos;
				SWIFT_OPTIMIZATION_LEVEL = "-Owholemodule";
				TARGETED_DEVICE_FAMILY = "1,2";
				VALIDATE_PRODUCT = YES;
			};
			name = Release;
		};
		188A580C1EE5343D00AB5392 /* Debug */ = {
			isa = XCBuildConfiguration;
			buildSettings = {
				ASSETCATALOG_COMPILER_APPICON_NAME = AppIcon;
				DEVELOPMENT_TEAM = M37C2L4H2B;
				INFOPLIST_FILE = Youtube/Info.plist;
				IPHONEOS_DEPLOYMENT_TARGET = 10.2;
				LD_RUNPATH_SEARCH_PATHS = "$(inherited) @executable_path/Frameworks";
				PRODUCT_BUNDLE_IDENTIFIER = com.thanhtu.Youtube;
				PRODUCT_NAME = "$(TARGET_NAME)";
				SWIFT_VERSION = 3.0;
				TARGETED_DEVICE_FAMILY = "1,2";
			};
			name = Debug;
		};
		188A580D1EE5343D00AB5392 /* Release */ = {
			isa = XCBuildConfiguration;
			buildSettings = {
				ASSETCATALOG_COMPILER_APPICON_NAME = AppIcon;
				DEVELOPMENT_TEAM = M37C2L4H2B;
				INFOPLIST_FILE = Youtube/Info.plist;
				IPHONEOS_DEPLOYMENT_TARGET = 10.2;
				LD_RUNPATH_SEARCH_PATHS = "$(inherited) @executable_path/Frameworks";
				PRODUCT_BUNDLE_IDENTIFIER = com.thanhtu.Youtube;
				PRODUCT_NAME = "$(TARGET_NAME)";
				SWIFT_VERSION = 3.0;
				TARGETED_DEVICE_FAMILY = "1,2";
			};
			name = Release;
		};
		188A580F1EE5343D00AB5392 /* Debug */ = {
			isa = XCBuildConfiguration;
			buildSettings = {
				ALWAYS_EMBED_SWIFT_STANDARD_LIBRARIES = YES;
				BUNDLE_LOADER = "$(TEST_HOST)";
				INFOPLIST_FILE = YoutubeTests/Info.plist;
				LD_RUNPATH_SEARCH_PATHS = "$(inherited) @executable_path/Frameworks @loader_path/Frameworks";
				PRODUCT_BUNDLE_IDENTIFIER = com.thanhtu.YoutubeTests;
				PRODUCT_NAME = "$(TARGET_NAME)";
				SWIFT_VERSION = 3.0;
				TEST_HOST = "$(BUILT_PRODUCTS_DIR)/Youtube.app/Youtube";
			};
			name = Debug;
		};
		188A58101EE5343D00AB5392 /* Release */ = {
			isa = XCBuildConfiguration;
			buildSettings = {
				ALWAYS_EMBED_SWIFT_STANDARD_LIBRARIES = YES;
				BUNDLE_LOADER = "$(TEST_HOST)";
				INFOPLIST_FILE = YoutubeTests/Info.plist;
				LD_RUNPATH_SEARCH_PATHS = "$(inherited) @executable_path/Frameworks @loader_path/Frameworks";
				PRODUCT_BUNDLE_IDENTIFIER = com.thanhtu.YoutubeTests;
				PRODUCT_NAME = "$(TARGET_NAME)";
				SWIFT_VERSION = 3.0;
				TEST_HOST = "$(BUILT_PRODUCTS_DIR)/Youtube.app/Youtube";
			};
			name = Release;
		};
		188A58121EE5343D00AB5392 /* Debug */ = {
			isa = XCBuildConfiguration;
			buildSettings = {
				ALWAYS_EMBED_SWIFT_STANDARD_LIBRARIES = YES;
				INFOPLIST_FILE = YoutubeUITests/Info.plist;
				LD_RUNPATH_SEARCH_PATHS = "$(inherited) @executable_path/Frameworks @loader_path/Frameworks";
				PRODUCT_BUNDLE_IDENTIFIER = com.thanhtu.YoutubeUITests;
				PRODUCT_NAME = "$(TARGET_NAME)";
				SWIFT_VERSION = 3.0;
				TEST_TARGET_NAME = Youtube;
			};
			name = Debug;
		};
		188A58131EE5343D00AB5392 /* Release */ = {
			isa = XCBuildConfiguration;
			buildSettings = {
				ALWAYS_EMBED_SWIFT_STANDARD_LIBRARIES = YES;
				INFOPLIST_FILE = YoutubeUITests/Info.plist;
				LD_RUNPATH_SEARCH_PATHS = "$(inherited) @executable_path/Frameworks @loader_path/Frameworks";
				PRODUCT_BUNDLE_IDENTIFIER = com.thanhtu.YoutubeUITests;
				PRODUCT_NAME = "$(TARGET_NAME)";
				SWIFT_VERSION = 3.0;
				TEST_TARGET_NAME = Youtube;
			};
			name = Release;
		};
/* End XCBuildConfiguration section */

/* Begin XCConfigurationList section */
		188A57DE1EE5343A00AB5392 /* Build configuration list for PBXProject "Youtube" */ = {
			isa = XCConfigurationList;
			buildConfigurations = (
				188A58091EE5343D00AB5392 /* Debug */,
				188A580A1EE5343D00AB5392 /* Release */,
			);
			defaultConfigurationIsVisible = 0;
			defaultConfigurationName = Release;
		};
		188A580B1EE5343D00AB5392 /* Build configuration list for PBXNativeTarget "Youtube" */ = {
			isa = XCConfigurationList;
			buildConfigurations = (
				188A580C1EE5343D00AB5392 /* Debug */,
				188A580D1EE5343D00AB5392 /* Release */,
			);
			defaultConfigurationIsVisible = 0;
			defaultConfigurationName = Release;
		};
		188A580E1EE5343D00AB5392 /* Build configuration list for PBXNativeTarget "YoutubeTests" */ = {
			isa = XCConfigurationList;
			buildConfigurations = (
				188A580F1EE5343D00AB5392 /* Debug */,
				188A58101EE5343D00AB5392 /* Release */,
			);
			defaultConfigurationIsVisible = 0;
			defaultConfigurationName = Release;
		};
		188A58111EE5343D00AB5392 /* Build configuration list for PBXNativeTarget "YoutubeUITests" */ = {
			isa = XCConfigurationList;
			buildConfigurations = (
				188A58121EE5343D00AB5392 /* Debug */,
				188A58131EE5343D00AB5392 /* Release */,
			);
			defaultConfigurationIsVisible = 0;
			defaultConfigurationName = Release;
		};
/* End XCConfigurationList section */
	};
	rootObject = 188A57DB1EE5343A00AB5392 /* Project object */;
}
